// !$*UTF8*$!
{
	archiveVersion = 1;
	classes = {
	};
	objectVersion = 46;
	objects = {

/* Begin PBXBuildFile section */
		03844B971D5040FD00099154 /* AppDelegate.swift in Sources */ = {isa = PBXBuildFile; fileRef = 03844B961D5040FD00099154 /* AppDelegate.swift */; };
		03844B991D5040FD00099154 /* ViewController.swift in Sources */ = {isa = PBXBuildFile; fileRef = 03844B981D5040FD00099154 /* ViewController.swift */; };
		03844B9C1D5040FD00099154 /* Main.storyboard in Resources */ = {isa = PBXBuildFile; fileRef = 03844B9A1D5040FD00099154 /* Main.storyboard */; };
		03844B9E1D5040FD00099154 /* Assets.xcassets in Resources */ = {isa = PBXBuildFile; fileRef = 03844B9D1D5040FD00099154 /* Assets.xcassets */; };
		03844BA11D5040FD00099154 /* LaunchScreen.storyboard in Resources */ = {isa = PBXBuildFile; fileRef = 03844B9F1D5040FD00099154 /* LaunchScreen.storyboard */; };
		9310A7A08D0AE16BC728EC52 /* Pods_Siding.framework in Frameworks */ = {isa = PBXBuildFile; fileRef = F4428642185060B0A573408B /* Pods_Siding.framework */; };
/* End PBXBuildFile section */

/* Begin PBXFileReference section */
		03844B931D5040FD00099154 /* Siding.app */ = {isa = PBXFileReference; explicitFileType = wrapper.application; includeInIndex = 0; path = Siding.app; sourceTree = BUILT_PRODUCTS_DIR; };
		03844B961D5040FD00099154 /* AppDelegate.swift */ = {isa = PBXFileReference; lastKnownFileType = sourcecode.swift; path = AppDelegate.swift; sourceTree = "<group>"; };
		03844B981D5040FD00099154 /* ViewController.swift */ = {isa = PBXFileReference; lastKnownFileType = sourcecode.swift; path = ViewController.swift; sourceTree = "<group>"; };
		03844B9B1D5040FD00099154 /* Base */ = {isa = PBXFileReference; lastKnownFileType = file.storyboard; name = Base; path = Base.lproj/Main.storyboard; sourceTree = "<group>"; };
		03844B9D1D5040FD00099154 /* Assets.xcassets */ = {isa = PBXFileReference; lastKnownFileType = folder.assetcatalog; path = Assets.xcassets; sourceTree = "<group>"; };
		03844BA01D5040FD00099154 /* Base */ = {isa = PBXFileReference; lastKnownFileType = file.storyboard; name = Base; path = Base.lproj/LaunchScreen.storyboard; sourceTree = "<group>"; };
		03844BA21D5040FD00099154 /* Info.plist */ = {isa = PBXFileReference; lastKnownFileType = text.plist.xml; path = Info.plist; sourceTree = "<group>"; };
		4AABFDB2CC116DE0E8FAD0DA /* Pods-Siding.debug.xcconfig */ = {isa = PBXFileReference; includeInIndex = 1; lastKnownFileType = text.xcconfig; name = "Pods-Siding.debug.xcconfig"; path = "Pods/Target Support Files/Pods-Siding/Pods-Siding.debug.xcconfig"; sourceTree = "<group>"; };
		6EE6B53244A5C07910FFE102 /* Pods-Siding.release.xcconfig */ = {isa = PBXFileReference; includeInIndex = 1; lastKnownFileType = text.xcconfig; name = "Pods-Siding.release.xcconfig"; path = "Pods/Target Support Files/Pods-Siding/Pods-Siding.release.xcconfig"; sourceTree = "<group>"; };
		F4428642185060B0A573408B /* Pods_Siding.framework */ = {isa = PBXFileReference; explicitFileType = wrapper.framework; includeInIndex = 0; path = Pods_Siding.framework; sourceTree = BUILT_PRODUCTS_DIR; };
/* End PBXFileReference section */

/* Begin PBXFrameworksBuildPhase section */
		03844B901D5040FD00099154 /* Frameworks */ = {
			isa = PBXFrameworksBuildPhase;
			buildActionMask = 2147483647;
			files = (
				9310A7A08D0AE16BC728EC52 /* Pods_Siding.framework in Frameworks */,
			);
			runOnlyForDeploymentPostprocessing = 0;
		};
/* End PBXFrameworksBuildPhase section */

/* Begin PBXGroup section */
		03844B8A1D5040FD00099154 = {
			isa = PBXGroup;
			children = (
				03844B951D5040FD00099154 /* Siding */,
				03844B941D5040FD00099154 /* Products */,
				0E0547C92B133E4DC7808099 /* Pods */,
				059F5FD7CDD107F37A8B2A69 /* Frameworks */,
			);
			sourceTree = "<group>";
		};
		03844B941D5040FD00099154 /* Products */ = {
			isa = PBXGroup;
			children = (
				03844B931D5040FD00099154 /* Siding.app */,
			);
			name = Products;
			sourceTree = "<group>";
		};
		03844B951D5040FD00099154 /* Siding */ = {
			isa = PBXGroup;
			children = (
				03844B961D5040FD00099154 /* AppDelegate.swift */,
				03844B981D5040FD00099154 /* ViewController.swift */,
				03844B9A1D5040FD00099154 /* Main.storyboard */,
				03844B9D1D5040FD00099154 /* Assets.xcassets */,
				03844B9F1D5040FD00099154 /* LaunchScreen.storyboard */,
				03844BA21D5040FD00099154 /* Info.plist */,
			);
			path = Siding;
			sourceTree = "<group>";
		};
		059F5FD7CDD107F37A8B2A69 /* Frameworks */ = {
			isa = PBXGroup;
			children = (
				F4428642185060B0A573408B /* Pods_Siding.framework */,
			);
			name = Frameworks;
			sourceTree = "<group>";
		};
		0E0547C92B133E4DC7808099 /* Pods */ = {
			isa = PBXGroup;
			children = (
				4AABFDB2CC116DE0E8FAD0DA /* Pods-Siding.debug.xcconfig */,
				6EE6B53244A5C07910FFE102 /* Pods-Siding.release.xcconfig */,
			);
			name = Pods;
			sourceTree = "<group>";
		};
/* End PBXGroup section */

/* Begin PBXNativeTarget section */
		03844B921D5040FD00099154 /* Siding */ = {
			isa = PBXNativeTarget;
			buildConfigurationList = 03844BA51D5040FD00099154 /* Build configuration list for PBXNativeTarget "Siding" */;
			buildPhases = (
				4C7B07B61370E8C15F8C81EC /* [CP] Check Pods Manifest.lock */,
				03844B8F1D5040FD00099154 /* Sources */,
				03844B901D5040FD00099154 /* Frameworks */,
				03844B911D5040FD00099154 /* Resources */,
				5C059FB646774BAF0BC3735F /* [CP] Embed Pods Frameworks */,
				090C8834DCA9253200C38DDF /* [CP] Copy Pods Resources */,
			);
			buildRules = (
			);
			dependencies = (
			);
			name = Siding;
			productName = Siding;
			productReference = 03844B931D5040FD00099154 /* Siding.app */;
			productType = "com.apple.product-type.application";
		};
/* End PBXNativeTarget section */

/* Begin PBXProject section */
		03844B8B1D5040FD00099154 /* Project object */ = {
			isa = PBXProject;
			attributes = {
				LastSwiftUpdateCheck = 0730;
				LastUpgradeCheck = 0730;
				ORGANIZATIONNAME = "Nicolás Gebauer";
				TargetAttributes = {
					03844B921D5040FD00099154 = {
						CreatedOnToolsVersion = 7.3.1;
					};
				};
			};
			buildConfigurationList = 03844B8E1D5040FD00099154 /* Build configuration list for PBXProject "Siding" */;
			compatibilityVersion = "Xcode 3.2";
			developmentRegion = English;
			hasScannedForEncodings = 0;
			knownRegions = (
				en,
				Base,
			);
			mainGroup = 03844B8A1D5040FD00099154;
			productRefGroup = 03844B941D5040FD00099154 /* Products */;
			projectDirPath = "";
			projectRoot = "";
			targets = (
				03844B921D5040FD00099154 /* Siding */,
			);
		};
/* End PBXProject section */

/* Begin PBXResourcesBuildPhase section */
		03844B911D5040FD00099154 /* Resources */ = {
			isa = PBXResourcesBuildPhase;
			buildActionMask = 2147483647;
			files = (
				03844BA11D5040FD00099154 /* LaunchScreen.storyboard in Resources */,
				03844B9E1D5040FD00099154 /* Assets.xcassets in Resources */,
				03844B9C1D5040FD00099154 /* Main.storyboard in Resources */,
			);
			runOnlyForDeploymentPostprocessing = 0;
		};
/* End PBXResourcesBuildPhase section */

/* Begin PBXShellScriptBuildPhase section */
		090C8834DCA9253200C38DDF /* [CP] Copy Pods Resources */ = {
			isa = PBXShellScriptBuildPhase;
			buildActionMask = 2147483647;
			files = (
			);
			inputPaths = (
			);
			name = "[CP] Copy Pods Resources";
			outputPaths = (
			);
			runOnlyForDeploymentPostprocessing = 0;
			shellPath = /bin/sh;
			shellScript = "\"${SRCROOT}/Pods/Target Support Files/Pods-Siding/Pods-Siding-resources.sh\"\n";
			showEnvVarsInLog = 0;
		};
		4C7B07B61370E8C15F8C81EC /* [CP] Check Pods Manifest.lock */ = {
			isa = PBXShellScriptBuildPhase;
			buildActionMask = 2147483647;
			files = (
			);
			inputPaths = (
			);
			name = "[CP] Check Pods Manifest.lock";
			outputPaths = (
			);
			runOnlyForDeploymentPostprocessing = 0;
			shellPath = /bin/sh;
			shellScript = "diff \"${PODS_ROOT}/../Podfile.lock\" \"${PODS_ROOT}/Manifest.lock\" > /dev/null\nif [[ $? != 0 ]] ; then\n    cat << EOM\nerror: The sandbox is not in sync with the Podfile.lock. Run 'pod install' or update your CocoaPods installation.\nEOM\n    exit 1\nfi\n";
			showEnvVarsInLog = 0;
		};
		5C059FB646774BAF0BC3735F /* [CP] Embed Pods Frameworks */ = {
			isa = PBXShellScriptBuildPhase;
			buildActionMask = 2147483647;
			files = (
			);
			inputPaths = (
			);
			name = "[CP] Embed Pods Frameworks";
			outputPaths = (
			);
			runOnlyForDeploymentPostprocessing = 0;
			shellPath = /bin/sh;
			shellScript = "\"${SRCROOT}/Pods/Target Support Files/Pods-Siding/Pods-Siding-frameworks.sh\"\n";
			showEnvVarsInLog = 0;
		};
/* End PBXShellScriptBuildPhase section */

/* Begin PBXSourcesBuildPhase section */
		03844B8F1D5040FD00099154 /* Sources */ = {
			isa = PBXSourcesBuildPhase;
			buildActionMask = 2147483647;
			files = (
				03844B991D5040FD00099154 /* ViewController.swift in Sources */,
				03844B971D5040FD00099154 /* AppDelegate.swift in Sources */,
			);
			runOnlyForDeploymentPostprocessing = 0;
		};
/* End PBXSourcesBuildPhase section */

/* Begin PBXVariantGroup section */
		03844B9A1D5040FD00099154 /* Main.storyboard */ = {
			isa = PBXVariantGroup;
			children = (
				03844B9B1D5040FD00099154 /* Base */,
			);
			name = Main.storyboard;
			sourceTree = "<group>";
		};
		03844B9F1D5040FD00099154 /* LaunchScreen.storyboard */ = {
			isa = PBXVariantGroup;
			children = (
				03844BA01D5040FD00099154 /* Base */,
			);
			name = LaunchScreen.storyboard;
			sourceTree = "<group>";
		};
/* End PBXVariantGroup section */

/* Begin XCBuildConfiguration section */
		03844BA31D5040FD00099154 /* Debug */ = {
			isa = XCBuildConfiguration;
			buildSettings = {
				ALWAYS_SEARCH_USER_PATHS = NO;
				CLANG_ANALYZER_NONNULL = YES;
				CLANG_CXX_LANGUAGE_STANDARD = "gnu++0x";
				CLANG_CXX_LIBRARY = "libc++";
				CLANG_ENABLE_MODULES = YES;
				CLANG_ENABLE_OBJC_ARC = YES;
				CLANG_WARN_BOOL_CONVERSION = YES;
				CLANG_WARN_CONSTANT_CONVERSION = YES;
				CLANG_WARN_DIRECT_OBJC_ISA_USAGE = YES_ERROR;
				CLANG_WARN_EMPTY_BODY = YES;
				CLANG_WARN_ENUM_CONVERSION = YES;
				CLANG_WARN_INT_CONVERSION = YES;
				CLANG_WARN_OBJC_ROOT_CLASS = YES_ERROR;
				CLANG_WARN_UNREACHABLE_CODE = YES;
				CLANG_WARN__DUPLICATE_METHOD_MATCH = YES;
				"CODE_SIGN_IDENTITY[sdk=iphoneos*]" = "iPhone Developer";
				COPY_PHASE_STRIP = NO;
				DEBUG_INFORMATION_FORMAT = dwarf;
				ENABLE_STRICT_OBJC_MSGSEND = YES;
				ENABLE_TESTABILITY = YES;
				GCC_C_LANGUAGE_STANDARD = gnu99;
				GCC_DYNAMIC_NO_PIC = NO;
				GCC_NO_COMMON_BLOCKS = YES;
				GCC_OPTIMIZATION_LEVEL = 0;
				GCC_PREPROCESSOR_DEFINITIONS = (
					"DEBUG=1",
					"$(inherited)",
				);
				GCC_WARN_64_TO_32_BIT_CONVERSION = YES;
				GCC_WARN_ABOUT_RETURN_TYPE = YES_ERROR;
				GCC_WARN_UNDECLARED_SELECTOR = YES;
				GCC_WARN_UNINITIALIZED_AUTOS = YES_AGGRESSIVE;
				GCC_WARN_UNUSED_FUNCTION = YES;
				GCC_WARN_UNUSED_VARIABLE = YES;
				IPHONEOS_DEPLOYMENT_TARGET = 9.3;
				MTL_ENABLE_DEBUG_INFO = YES;
				ONLY_ACTIVE_ARCH = YES;
				SDKROOT = iphoneos;
				SWIFT_OPTIMIZATION_LEVEL = "-Onone";
			};
			name = Debug;
		};
		03844BA41D5040FD00099154 /* Release */ = {
			isa = XCBuildConfiguration;
			buildSettings = {
				ALWAYS_SEARCH_USER_PATHS = NO;
				CLANG_ANALYZER_NONNULL = YES;
				CLANG_CXX_LANGUAGE_STANDARD = "gnu++0x";
				CLANG_CXX_LIBRARY = "libc++";
				CLANG_ENABLE_MODULES = YES;
				CLANG_ENABLE_OBJC_ARC = YES;
				CLANG_WARN_BOOL_CONVERSION = YES;
				CLANG_WARN_CONSTANT_CONVERSION = YES;
				CLANG_WARN_DIRECT_OBJC_ISA_USAGE = YES_ERROR;
				CLANG_WARN_EMPTY_BODY = YES;
				CLANG_WARN_ENUM_CONVERSION = YES;
				CLANG_WARN_INT_CONVERSION = YES;
				CLANG_WARN_OBJC_ROOT_CLASS = YES_ERROR;
				CLANG_WARN_UNREACHABLE_CODE = YES;
				CLANG_WARN__DUPLICATE_METHOD_MATCH = YES;
				"CODE_SIGN_IDENTITY[sdk=iphoneos*]" = "iPhone Developer";
				COPY_PHASE_STRIP = NO;
				DEBUG_INFORMATION_FORMAT = "dwarf-with-dsym";
				ENABLE_NS_ASSERTIONS = NO;
				ENABLE_STRICT_OBJC_MSGSEND = YES;
				GCC_C_LANGUAGE_STANDARD = gnu99;
				GCC_NO_COMMON_BLOCKS = YES;
				GCC_WARN_64_TO_32_BIT_CONVERSION = YES;
				GCC_WARN_ABOUT_RETURN_TYPE = YES_ERROR;
				GCC_WARN_UNDECLARED_SELECTOR = YES;
				GCC_WARN_UNINITIALIZED_AUTOS = YES_AGGRESSIVE;
				GCC_WARN_UNUSED_FUNCTION = YES;
				GCC_WARN_UNUSED_VARIABLE = YES;
				IPHONEOS_DEPLOYMENT_TARGET = 9.3;
				MTL_ENABLE_DEBUG_INFO = NO;
				SDKROOT = iphoneos;
				VALIDATE_PRODUCT = YES;
			};
			name = Release;
		};
		03844BA61D5040FD00099154 /* Debug */ = {
			isa = XCBuildConfiguration;
			baseConfigurationReference = 4AABFDB2CC116DE0E8FAD0DA /* Pods-Siding.debug.xcconfig */;
			buildSettings = {
				ASSETCATALOG_COMPILER_APPICON_NAME = AppIcon;
				INFOPLIST_FILE = Siding/Info.plist;
				LD_RUNPATH_SEARCH_PATHS = "$(inherited) @executable_path/Frameworks";
				PRODUCT_BUNDLE_IDENTIFIER = com.negebauer.Siding;
				PRODUCT_NAME = "$(TARGET_NAME)";
			};
			name = Debug;
		};
		03844BA71D5040FD00099154 /* Release */ = {
			isa = XCBuildConfiguration;
			baseConfigurationReference = 6EE6B53244A5C07910FFE102 /* Pods-Siding.release.xcconfig */;
			buildSettings = {
				ASSETCATALOG_COMPILER_APPICON_NAME = AppIcon;
				INFOPLIST_FILE = Siding/Info.plist;
				LD_RUNPATH_SEARCH_PATHS = "$(inherited) @executable_path/Frameworks";
				PRODUCT_BUNDLE_IDENTIFIER = com.negebauer.Siding;
				PRODUCT_NAME = "$(TARGET_NAME)";
			};
			name = Release;
		};
/* End XCBuildConfiguration section */

/* Begin XCConfigurationList section */
		03844B8E1D5040FD00099154 /* Build configuration list for PBXProject "Siding" */ = {
			isa = XCConfigurationList;
			buildConfigurations = (
				03844BA31D5040FD00099154 /* Debug */,
				03844BA41D5040FD00099154 /* Release */,
			);
			defaultConfigurationIsVisible = 0;
			defaultConfigurationName = Release;
		};
		03844BA51D5040FD00099154 /* Build configuration list for PBXNativeTarget "Siding" */ = {
			isa = XCConfigurationList;
			buildConfigurations = (
				03844BA61D5040FD00099154 /* Debug */,
				03844BA71D5040FD00099154 /* Release */,
			);
			defaultConfigurationIsVisible = 0;
			defaultConfigurationName = Release;
		};
/* End XCConfigurationList section */
	};
	rootObject = 03844B8B1D5040FD00099154 /* Project object */;
}
